{
  "name": "static",
  "version": "1.0.0",
  "lockfileVersion": 1,
  "requires": true,
  "dependencies": {
    "brython": {
      "version": "3.9.0",
      "resolved": "https://registry.npmjs.org/brython/-/brython-3.9.0.tgz",
      "integrity": "sha512-p9LBqz00PP8MZLzqvVxYUYWBpJ0/3uo2fVeg9GAzUHrjsTFgQzIJy3Q5KpizgjkZ7s6AMjSCxQ2AKqGsdAFdhw=="
    }
  }
}
